PODS:
  - KIF (3.8.7):
    - KIF/Core (= 3.8.7)
  - KIF/Core (3.8.7)
  - KIF/IdentifierTests (3.8.7):
    - KIF/Core

DEPENDENCIES:
  - KIF (= 3.8.7)
  - KIF/IdentifierTests

SPEC REPOS:
  trunk:
    - KIF

SPEC CHECKSUMS:
  KIF: 779cdbca106633b94ecee7b036537490ebdbd9de

PODFILE CHECKSUM: 1dc7544d59613b33ee5ba96b1b0b2624250a8bbe

COCOAPODS: 1.15.2
